
Microsoft Visual Studio Solution File, Format Version 12.00
# Visual Studio Version 17
VisualStudioVersion = 17.9.34728.123
MinimumVisualStudioVersion = 10.0.40219.1
Project("{9A19103F-16F7-4668-BE54-9A1E7A4F7556}") = "AirlinedatabaseSystem", "AirlinedatabaseSystem.csproj", "{C7BD853B-9360-4713-B099-24135A4AB8F6}"
EndProject
Global
	GlobalSection(SolutionConfigurationPlatforms) = preSolution
		Debug|Any CPU = Debug|Any CPU
		Release|Any CPU = Release|Any CPU
	EndGlobalSection
	GlobalSection(ProjectConfigurationPlatforms) = postSolution
		{C7BD853B-9360-4713-B099-24135A4AB8F6}.Debug|Any CPU.ActiveCfg = Debug|Any CPU
		{C7BD853B-9360-4713-B099-24135A4AB8F6}.Debug|Any CPU.Build.0 = Debug|Any CPU
		{C7BD853B-9360-4713-B099-24135A4AB8F6}.Release|Any CPU.ActiveCfg = Release|Any CPU
		{C7BD853B-9360-4713-B099-24135A4AB8F6}.Release|Any CPU.Build.0 = Release|Any CPU
	EndGlobalSection
	GlobalSection(SolutionProperties) = preSolution
		HideSolutionNode = FALSE
	EndGlobalSection
	GlobalSection(ExtensibilityGlobals) = postSolution
		SolutionGuid = {9FDD6881-6B2A-465A-B47E-AF48AAE885E4}
	EndGlobalSection
EndGlobal
